
Microsoft Visual Studio Solution File, Format Version 12.00
# Visual Studio Version 18
VisualStudioVersion = 18.3.11520.95
MinimumVisualStudioVersion = 10.0.40219.1
Project("{FAE04EC0-301F-11D3-BF4B-00C04F79EFBC}") = "BindingChaos.SharedKernel", "BindingChaos.SharedKernel\BindingChaos.SharedKernel.csproj", "{2695E1E0-CB42-49E8-8F0B-04B788108AFD}"
EndProject
Project("{FAE04EC0-301F-11D3-BF4B-00C04F79EFBC}") = "BindingChaos.SharedKernel.Tests", "BindingChaos.SharedKernel.Tests\BindingChaos.SharedKernel.Tests.csproj", "{848DD2A4-AAD6-4AF8-8941-C60F2BA61BD0}"
EndProject
Project("{FAE04EC0-301F-11D3-BF4B-00C04F79EFBC}") = "BindingChaos.Tagging", "BindingChaos.Tagging\BindingChaos.Tagging.csproj", "{492D1181-2E34-476F-8B9B-C453E5837A66}"
EndProject
Project("{FAE04EC0-301F-11D3-BF4B-00C04F79EFBC}") = "BindingChaos.Tagging.Tests", "BindingChaos.Tagging.Tests\BindingChaos.Tagging.Tests.csproj", "{929F7CC7-EC1C-4D67-BED6-5022248E86EE}"
EndProject
Project("{FAE04EC0-301F-11D3-BF4B-00C04F79EFBC}") = "BindingChaos.CorePlatform.API", "BindingChaos.CorePlatform.API\BindingChaos.CorePlatform.API.csproj", "{905CA893-3A1F-40E6-88C7-7BD04ED9E051}"
EndProject
Project("{FAE04EC0-301F-11D3-BF4B-00C04F79EFBC}") = "BindingChaos.Web.Gateway", "BindingChaos.Web.Gateway\BindingChaos.Web.Gateway.csproj", "{643936C5-7FF0-493C-9980-605FFF975E72}"
EndProject
Project("{FAE04EC0-301F-11D3-BF4B-00C04F79EFBC}") = "BindingChaos.CorePlatform.Clients", "BindingChaos.CorePlatform.Clients\BindingChaos.CorePlatform.Clients.csproj", "{15F56BED-CE9A-4537-89DA-281255456A40}"
EndProject
Project("{FAE04EC0-301F-11D3-BF4B-00C04F79EFBC}") = "BindingChaos.CorePlatform.Contracts", "BindingChaos.CorePlatform.Contracts\BindingChaos.CorePlatform.Contracts.csproj", "{E3C2F381-9111-42B6-A23E-D23F1589D02E}"
EndProject
Project("{FAE04EC0-301F-11D3-BF4B-00C04F79EFBC}") = "BindingChaos.Infrastructure", "BindingChaos.Infrastructure\BindingChaos.Infrastructure.csproj", "{56895807-3347-445E-8E05-E82D92F834DB}"
EndProject
Project("{2150E333-8FDC-42A3-9474-1A3956D46DE8}") = "_SolutionFiles", "_SolutionFiles", "{02EA681E-C7D8-13C7-8484-4AC65E1B71E8}"
	ProjectSection(SolutionItems) = preProject
		.editorconfig = .editorconfig
		..\.gitignore = ..\.gitignore
		Directory.Build.props = Directory.Build.props
		..\docker-compose.yml = ..\docker-compose.yml
		..\openapitools.json = ..\openapitools.json
		..\package-lock.json = ..\package-lock.json
		..\package.json = ..\package.json
		..\PORT_GUIDELINES.md = ..\PORT_GUIDELINES.md
	EndProjectSection
EndProject
Project("{FAE04EC0-301F-11D3-BF4B-00C04F79EFBC}") = "BindingChaos.IdentityProfile", "BindingChaos.IdentityProfile\BindingChaos.IdentityProfile.csproj", "{3516B0BC-C291-4ADC-AEF3-48A1FAE52710}"
EndProject
Project("{FAE04EC0-301F-11D3-BF4B-00C04F79EFBC}") = "BindingChaos.CommunityDiscourse", "BindingChaos.CommunityDiscourse\BindingChaos.CommunityDiscourse.csproj", "{DB1E9139-A8F5-467E-A7CB-9F40A00095AA}"
EndProject
Project("{FAE04EC0-301F-11D3-BF4B-00C04F79EFBC}") = "BindingChaos.CorePlatform.API.Tests", "BindingChaos.CorePlatform.API.Tests\BindingChaos.CorePlatform.API.Tests.csproj", "{4757714C-8F3C-409C-91E9-5F8BB0CFCB15}"
EndProject
Project("{FAE04EC0-301F-11D3-BF4B-00C04F79EFBC}") = "BindingChaos.Web", "BindingChaos.Web\BindingChaos.Web.csproj", "{C2A296D4-B539-164F-E59C-8C9E0D418E81}"
EndProject
Project("{FAE04EC0-301F-11D3-BF4B-00C04F79EFBC}") = "BindingChaos.Tagging.Contracts", "BindingChaos.Tagging.Contracts\BindingChaos.Tagging.Contracts.csproj", "{1D172B5A-9BD0-4C38-AA95-5F9ABD87162A}"
EndProject
Project("{2150E333-8FDC-42A3-9474-1A3956D46DE8}") = "Tagging", "Tagging", "{B052091D-88A6-41C9-A159-BADDB4567440}"
EndProject
Project("{2150E333-8FDC-42A3-9474-1A3956D46DE8}") = "CommunityDiscourse", "CommunityDiscourse", "{53560E08-8D4C-4471-930A-E8B586852783}"
EndProject
Project("{2150E333-8FDC-42A3-9474-1A3956D46DE8}") = "CoreApi", "CoreApi", "{6BA1DEF6-1ED3-480F-95C9-41063402F8F2}"
EndProject
Project("{2150E333-8FDC-42A3-9474-1A3956D46DE8}") = "SharedKernel", "SharedKernel", "{EE219CAF-E1BC-4DF9-B829-7362BC96969A}"
EndProject
Project("{2150E333-8FDC-42A3-9474-1A3956D46DE8}") = "BoundedContexts", "BoundedContexts", "{DD11B11A-7784-4373-921F-38292609D286}"
EndProject
Project("{2150E333-8FDC-42A3-9474-1A3956D46DE8}") = "Services", "Services", "{C5298399-F23F-4DA1-B5BE-E6408F6C5424}"
EndProject
Project("{FAE04EC0-301F-11D3-BF4B-00C04F79EFBC}") = "BindingChaos.CorePlatform.API.IntegrationTests", "BindingChaos.CorePlatform.API.IntegrationTests\BindingChaos.CorePlatform.API.IntegrationTests.csproj", "{10C8A856-753D-4C70-B8F1-FA415BF0E0B8}"
EndProject
Project("{FAE04EC0-301F-11D3-BF4B-00C04F79EFBC}") = "BindingChaos.DocumentProcessing", "BindingChaos.DocumentProcessing\BindingChaos.DocumentProcessing.csproj", "{EB466477-E13A-4921-BBAA-BAFDF1A84D38}"
EndProject
Project("{FAE04EC0-301F-11D3-BF4B-00C04F79EFBC}") = "BindingChaos.CommunityDiscourse.Tests", "BindingChaos.CommunityDiscourse.Tests\BindingChaos.CommunityDiscourse.Tests.csproj", "{D4273501-4003-49CE-B9E1-406BF4F58FED}"
EndProject
Project("{2150E333-8FDC-42A3-9474-1A3956D46DE8}") = "Societies", "Societies", "{2E44FF82-17B0-1EE9-AF3C-87ED1E64BBDB}"
EndProject
Project("{FAE04EC0-301F-11D3-BF4B-00C04F79EFBC}") = "BindingChaos.Societies", "BindingChaos.Societies\BindingChaos.Societies.csproj", "{ABE7CE20-0804-4B1F-88AC-1919DD5316F4}"
EndProject
Project("{2150E333-8FDC-42A3-9474-1A3956D46DE8}") = "Stigmergy", "Stigmergy", "{946B3F2E-0E09-02F4-39EE-364AA70D8ACF}"
EndProject
Project("{FAE04EC0-301F-11D3-BF4B-00C04F79EFBC}") = "BindingChaos.Stigmergy.Tests", "BindingChaos.Stigmergy.Tests\BindingChaos.Stigmergy.Tests.csproj", "{7F534889-6D72-4636-A9D3-C9BE2F31E22E}"
EndProject
Project("{FAE04EC0-301F-11D3-BF4B-00C04F79EFBC}") = "BindingChaos.Stigmergy", "BindingChaos.Stigmergy\BindingChaos.Stigmergy.csproj", "{67CA13AA-FE17-4DAC-844D-18CC61611968}"
EndProject
Project("{FAE04EC0-301F-11D3-BF4B-00C04F79EFBC}") = "BindingChaos.Reputation", "BindingChaos.Reputation\BindingChaos.Reputation.csproj", "{84CFEC64-FE18-4B46-A537-372F6FEA9AA1}"
EndProject
Project("{FAE04EC0-301F-11D3-BF4B-00C04F79EFBC}") = "BindingChaos.Reputation.Tests", "BindingChaos.Reputation.Tests\BindingChaos.Reputation.Tests.csproj", "{2937A923-81B5-43C9-818C-04A801B4745E}"
EndProject
Project("{2150E333-8FDC-42A3-9474-1A3956D46DE8}") = "Reputation", "Reputation", "{A9DC5331-0BF5-48C9-A366-2AE341F74CDD}"
EndProject
Project("{FAE04EC0-301F-11D3-BF4B-00C04F79EFBC}") = "BindingChaos.Stigmergy.Contracts", "BindingChaos.Stigmergy.Contracts\BindingChaos.Stigmergy.Contracts.csproj", "{05E4DBCE-D7C2-4CF6-B76E-5BB3ECBD6016}"
EndProject
Project("{FAE04EC0-301F-11D3-BF4B-00C04F79EFBC}") = "BindingChaos.SignalProcessing", "BindingChaos.SignalProcessing\BindingChaos.SignalProcessing.csproj", "{A8BCD152-5068-43F2-989F-1A1BE86E156A}"
EndProject
Global
	GlobalSection(SolutionConfigurationPlatforms) = preSolution
		Debug|Any CPU = Debug|Any CPU
		Debug|x64 = Debug|x64
		Debug|x86 = Debug|x86
		Release|Any CPU = Release|Any CPU
		Release|x64 = Release|x64
		Release|x86 = Release|x86
	EndGlobalSection
	GlobalSection(ProjectConfigurationPlatforms) = postSolution
		{2695E1E0-CB42-49E8-8F0B-04B788108AFD}.Debug|Any CPU.ActiveCfg = Debug|Any CPU
		{2695E1E0-CB42-49E8-8F0B-04B788108AFD}.Debug|Any CPU.Build.0 = Debug|Any CPU
		{2695E1E0-CB42-49E8-8F0B-04B788108AFD}.Debug|x64.ActiveCfg = Debug|Any CPU
		{2695E1E0-CB42-49E8-8F0B-04B788108AFD}.Debug|x64.Build.0 = Debug|Any CPU
		{2695E1E0-CB42-49E8-8F0B-04B788108AFD}.Debug|x86.ActiveCfg = Debug|Any CPU
		{2695E1E0-CB42-49E8-8F0B-04B788108AFD}.Debug|x86.Build.0 = Debug|Any CPU
		{2695E1E0-CB42-49E8-8F0B-04B788108AFD}.Release|Any CPU.ActiveCfg = Release|Any CPU
		{2695E1E0-CB42-49E8-8F0B-04B788108AFD}.Release|Any CPU.Build.0 = Release|Any CPU
		{2695E1E0-CB42-49E8-8F0B-04B788108AFD}.Release|x64.ActiveCfg = Release|Any CPU
		{2695E1E0-CB42-49E8-8F0B-04B788108AFD}.Release|x64.Build.0 = Release|Any CPU
		{2695E1E0-CB42-49E8-8F0B-04B788108AFD}.Release|x86.ActiveCfg = Release|Any CPU
		{2695E1E0-CB42-49E8-8F0B-04B788108AFD}.Release|x86.Build.0 = Release|Any CPU
		{848DD2A4-AAD6-4AF8-8941-C60F2BA61BD0}.Debug|Any CPU.ActiveCfg = Debug|Any CPU
		{848DD2A4-AAD6-4AF8-8941-C60F2BA61BD0}.Debug|Any CPU.Build.0 = Debug|Any CPU
		{848DD2A4-AAD6-4AF8-8941-C60F2BA61BD0}.Debug|x64.ActiveCfg = Debug|Any CPU
		{848DD2A4-AAD6-4AF8-8941-C60F2BA61BD0}.Debug|x64.Build.0 = Debug|Any CPU
		{848DD2A4-AAD6-4AF8-8941-C60F2BA61BD0}.Debug|x86.ActiveCfg = Debug|Any CPU
		{848DD2A4-AAD6-4AF8-8941-C60F2BA61BD0}.Debug|x86.Build.0 = Debug|Any CPU
		{848DD2A4-AAD6-4AF8-8941-C60F2BA61BD0}.Release|Any CPU.ActiveCfg = Release|Any CPU
		{848DD2A4-AAD6-4AF8-8941-C60F2BA61BD0}.Release|Any CPU.Build.0 = Release|Any CPU
		{848DD2A4-AAD6-4AF8-8941-C60F2BA61BD0}.Release|x64.ActiveCfg = Release|Any CPU
		{848DD2A4-AAD6-4AF8-8941-C60F2BA61BD0}.Release|x64.Build.0 = Release|Any CPU
		{848DD2A4-AAD6-4AF8-8941-C60F2BA61BD0}.Release|x86.ActiveCfg = Release|Any CPU
		{848DD2A4-AAD6-4AF8-8941-C60F2BA61BD0}.Release|x86.Build.0 = Release|Any CPU
		{492D1181-2E34-476F-8B9B-C453E5837A66}.Debug|Any CPU.ActiveCfg = Debug|Any CPU
		{492D1181-2E34-476F-8B9B-C453E5837A66}.Debug|Any CPU.Build.0 = Debug|Any CPU
		{492D1181-2E34-476F-8B9B-C453E5837A66}.Debug|x64.ActiveCfg = Debug|Any CPU
		{492D1181-2E34-476F-8B9B-C453E5837A66}.Debug|x64.Build.0 = Debug|Any CPU
		{492D1181-2E34-476F-8B9B-C453E5837A66}.Debug|x86.ActiveCfg = Debug|Any CPU
		{492D1181-2E34-476F-8B9B-C453E5837A66}.Debug|x86.Build.0 = Debug|Any CPU
		{492D1181-2E34-476F-8B9B-C453E5837A66}.Release|Any CPU.ActiveCfg = Release|Any CPU
		{492D1181-2E34-476F-8B9B-C453E5837A66}.Release|Any CPU.Build.0 = Release|Any CPU
		{492D1181-2E34-476F-8B9B-C453E5837A66}.Release|x64.ActiveCfg = Release|Any CPU
		{492D1181-2E34-476F-8B9B-C453E5837A66}.Release|x64.Build.0 = Release|Any CPU
		{492D1181-2E34-476F-8B9B-C453E5837A66}.Release|x86.ActiveCfg = Release|Any CPU
		{492D1181-2E34-476F-8B9B-C453E5837A66}.Release|x86.Build.0 = Release|Any CPU
		{929F7CC7-EC1C-4D67-BED6-5022248E86EE}.Debug|Any CPU.ActiveCfg = Debug|Any CPU
		{929F7CC7-EC1C-4D67-BED6-5022248E86EE}.Debug|Any CPU.Build.0 = Debug|Any CPU
		{929F7CC7-EC1C-4D67-BED6-5022248E86EE}.Debug|x64.ActiveCfg = Debug|Any CPU
		{929F7CC7-EC1C-4D67-BED6-5022248E86EE}.Debug|x64.Build.0 = Debug|Any CPU
		{929F7CC7-EC1C-4D67-BED6-5022248E86EE}.Debug|x86.ActiveCfg = Debug|Any CPU
		{929F7CC7-EC1C-4D67-BED6-5022248E86EE}.Debug|x86.Build.0 = Debug|Any CPU
		{929F7CC7-EC1C-4D67-BED6-5022248E86EE}.Release|Any CPU.ActiveCfg = Release|Any CPU
		{929F7CC7-EC1C-4D67-BED6-5022248E86EE}.Release|Any CPU.Build.0 = Release|Any CPU
		{929F7CC7-EC1C-4D67-BED6-5022248E86EE}.Release|x64.ActiveCfg = Release|Any CPU
		{929F7CC7-EC1C-4D67-BED6-5022248E86EE}.Release|x64.Build.0 = Release|Any CPU
		{929F7CC7-EC1C-4D67-BED6-5022248E86EE}.Release|x86.ActiveCfg = Release|Any CPU
		{929F7CC7-EC1C-4D67-BED6-5022248E86EE}.Release|x86.Build.0 = Release|Any CPU
		{905CA893-3A1F-40E6-88C7-7BD04ED9E051}.Debug|Any CPU.ActiveCfg = Debug|Any CPU
		{905CA893-3A1F-40E6-88C7-7BD04ED9E051}.Debug|Any CPU.Build.0 = Debug|Any CPU
		{905CA893-3A1F-40E6-88C7-7BD04ED9E051}.Debug|x64.ActiveCfg = Debug|Any CPU
		{905CA893-3A1F-40E6-88C7-7BD04ED9E051}.Debug|x64.Build.0 = Debug|Any CPU
		{905CA893-3A1F-40E6-88C7-7BD04ED9E051}.Debug|x86.ActiveCfg = Debug|Any CPU
		{905CA893-3A1F-40E6-88C7-7BD04ED9E051}.Debug|x86.Build.0 = Debug|Any CPU
		{905CA893-3A1F-40E6-88C7-7BD04ED9E051}.Release|Any CPU.ActiveCfg = Release|Any CPU
		{905CA893-3A1F-40E6-88C7-7BD04ED9E051}.Release|Any CPU.Build.0 = Release|Any CPU
		{905CA893-3A1F-40E6-88C7-7BD04ED9E051}.Release|x64.ActiveCfg = Release|Any CPU
		{905CA893-3A1F-40E6-88C7-7BD04ED9E051}.Release|x64.Build.0 = Release|Any CPU
		{905CA893-3A1F-40E6-88C7-7BD04ED9E051}.Release|x86.ActiveCfg = Release|Any CPU
		{905CA893-3A1F-40E6-88C7-7BD04ED9E051}.Release|x86.Build.0 = Release|Any CPU
		{643936C5-7FF0-493C-9980-605FFF975E72}.Debug|Any CPU.ActiveCfg = Debug|Any CPU
		{643936C5-7FF0-493C-9980-605FFF975E72}.Debug|Any CPU.Build.0 = Debug|Any CPU
		{643936C5-7FF0-493C-9980-605FFF975E72}.Debug|x64.ActiveCfg = Debug|Any CPU
		{643936C5-7FF0-493C-9980-605FFF975E72}.Debug|x64.Build.0 = Debug|Any CPU
		{643936C5-7FF0-493C-9980-605FFF975E72}.Debug|x86.ActiveCfg = Debug|Any CPU
		{643936C5-7FF0-493C-9980-605FFF975E72}.Debug|x86.Build.0 = Debug|Any CPU
		{643936C5-7FF0-493C-9980-605FFF975E72}.Release|Any CPU.ActiveCfg = Release|Any CPU
		{643936C5-7FF0-493C-9980-605FFF975E72}.Release|Any CPU.Build.0 = Release|Any CPU
		{643936C5-7FF0-493C-9980-605FFF975E72}.Release|x64.ActiveCfg = Release|Any CPU
		{643936C5-7FF0-493C-9980-605FFF975E72}.Release|x64.Build.0 = Release|Any CPU
		{643936C5-7FF0-493C-9980-605FFF975E72}.Release|x86.ActiveCfg = Release|Any CPU
		{643936C5-7FF0-493C-9980-605FFF975E72}.Release|x86.Build.0 = Release|Any CPU
		{15F56BED-CE9A-4537-89DA-281255456A40}.Debug|Any CPU.ActiveCfg = Debug|Any CPU
		{15F56BED-CE9A-4537-89DA-281255456A40}.Debug|Any CPU.Build.0 = Debug|Any CPU
		{15F56BED-CE9A-4537-89DA-281255456A40}.Debug|x64.ActiveCfg = Debug|Any CPU
		{15F56BED-CE9A-4537-89DA-281255456A40}.Debug|x64.Build.0 = Debug|Any CPU
		{15F56BED-CE9A-4537-89DA-281255456A40}.Debug|x86.ActiveCfg = Debug|Any CPU
		{15F56BED-CE9A-4537-89DA-281255456A40}.Debug|x86.Build.0 = Debug|Any CPU
		{15F56BED-CE9A-4537-89DA-281255456A40}.Release|Any CPU.ActiveCfg = Release|Any CPU
		{15F56BED-CE9A-4537-89DA-281255456A40}.Release|Any CPU.Build.0 = Release|Any CPU
		{15F56BED-CE9A-4537-89DA-281255456A40}.Release|x64.ActiveCfg = Release|Any CPU
		{15F56BED-CE9A-4537-89DA-281255456A40}.Release|x64.Build.0 = Release|Any CPU
		{15F56BED-CE9A-4537-89DA-281255456A40}.Release|x86.ActiveCfg = Release|Any CPU
		{15F56BED-CE9A-4537-89DA-281255456A40}.Release|x86.Build.0 = Release|Any CPU
		{E3C2F381-9111-42B6-A23E-D23F1589D02E}.Debug|Any CPU.ActiveCfg = Debug|Any CPU
		{E3C2F381-9111-42B6-A23E-D23F1589D02E}.Debug|Any CPU.Build.0 = Debug|Any CPU
		{E3C2F381-9111-42B6-A23E-D23F1589D02E}.Debug|x64.ActiveCfg = Debug|Any CPU
		{E3C2F381-9111-42B6-A23E-D23F1589D02E}.Debug|x64.Build.0 = Debug|Any CPU
		{E3C2F381-9111-42B6-A23E-D23F1589D02E}.Debug|x86.ActiveCfg = Debug|Any CPU
		{E3C2F381-9111-42B6-A23E-D23F1589D02E}.Debug|x86.Build.0 = Debug|Any CPU
		{E3C2F381-9111-42B6-A23E-D23F1589D02E}.Release|Any CPU.ActiveCfg = Release|Any CPU
		{E3C2F381-9111-42B6-A23E-D23F1589D02E}.Release|Any CPU.Build.0 = Release|Any CPU
		{E3C2F381-9111-42B6-A23E-D23F1589D02E}.Release|x64.ActiveCfg = Release|Any CPU
		{E3C2F381-9111-42B6-A23E-D23F1589D02E}.Release|x64.Build.0 = Release|Any CPU
		{E3C2F381-9111-42B6-A23E-D23F1589D02E}.Release|x86.ActiveCfg = Release|Any CPU
		{E3C2F381-9111-42B6-A23E-D23F1589D02E}.Release|x86.Build.0 = Release|Any CPU
		{56895807-3347-445E-8E05-E82D92F834DB}.Debug|Any CPU.ActiveCfg = Debug|Any CPU
		{56895807-3347-445E-8E05-E82D92F834DB}.Debug|Any CPU.Build.0 = Debug|Any CPU
		{56895807-3347-445E-8E05-E82D92F834DB}.Debug|x64.ActiveCfg = Debug|Any CPU
		{56895807-3347-445E-8E05-E82D92F834DB}.Debug|x64.Build.0 = Debug|Any CPU
		{56895807-3347-445E-8E05-E82D92F834DB}.Debug|x86.ActiveCfg = Debug|Any CPU
		{56895807-3347-445E-8E05-E82D92F834DB}.Debug|x86.Build.0 = Debug|Any CPU
		{56895807-3347-445E-8E05-E82D92F834DB}.Release|Any CPU.ActiveCfg = Release|Any CPU
		{56895807-3347-445E-8E05-E82D92F834DB}.Release|Any CPU.Build.0 = Release|Any CPU
		{56895807-3347-445E-8E05-E82D92F834DB}.Release|x64.ActiveCfg = Release|Any CPU
		{56895807-3347-445E-8E05-E82D92F834DB}.Release|x64.Build.0 = Release|Any CPU
		{56895807-3347-445E-8E05-E82D92F834DB}.Release|x86.ActiveCfg = Release|Any CPU
		{56895807-3347-445E-8E05-E82D92F834DB}.Release|x86.Build.0 = Release|Any CPU
		{3516B0BC-C291-4ADC-AEF3-48A1FAE52710}.Debug|Any CPU.ActiveCfg = Debug|Any CPU
		{3516B0BC-C291-4ADC-AEF3-48A1FAE52710}.Debug|Any CPU.Build.0 = Debug|Any CPU
		{3516B0BC-C291-4ADC-AEF3-48A1FAE52710}.Debug|x64.ActiveCfg = Debug|Any CPU
		{3516B0BC-C291-4ADC-AEF3-48A1FAE52710}.Debug|x64.Build.0 = Debug|Any CPU
		{3516B0BC-C291-4ADC-AEF3-48A1FAE52710}.Debug|x86.ActiveCfg = Debug|Any CPU
		{3516B0BC-C291-4ADC-AEF3-48A1FAE52710}.Debug|x86.Build.0 = Debug|Any CPU
		{3516B0BC-C291-4ADC-AEF3-48A1FAE52710}.Release|Any CPU.ActiveCfg = Release|Any CPU
		{3516B0BC-C291-4ADC-AEF3-48A1FAE52710}.Release|Any CPU.Build.0 = Release|Any CPU
		{3516B0BC-C291-4ADC-AEF3-48A1FAE52710}.Release|x64.ActiveCfg = Release|Any CPU
		{3516B0BC-C291-4ADC-AEF3-48A1FAE52710}.Release|x64.Build.0 = Release|Any CPU
		{3516B0BC-C291-4ADC-AEF3-48A1FAE52710}.Release|x86.ActiveCfg = Release|Any CPU
		{3516B0BC-C291-4ADC-AEF3-48A1FAE52710}.Release|x86.Build.0 = Release|Any CPU
		{DB1E9139-A8F5-467E-A7CB-9F40A00095AA}.Debug|Any CPU.ActiveCfg = Debug|Any CPU
		{DB1E9139-A8F5-467E-A7CB-9F40A00095AA}.Debug|Any CPU.Build.0 = Debug|Any CPU
		{DB1E9139-A8F5-467E-A7CB-9F40A00095AA}.Debug|x64.ActiveCfg = Debug|Any CPU
		{DB1E9139-A8F5-467E-A7CB-9F40A00095AA}.Debug|x64.Build.0 = Debug|Any CPU
		{DB1E9139-A8F5-467E-A7CB-9F40A00095AA}.Debug|x86.ActiveCfg = Debug|Any CPU
		{DB1E9139-A8F5-467E-A7CB-9F40A00095AA}.Debug|x86.Build.0 = Debug|Any CPU
		{DB1E9139-A8F5-467E-A7CB-9F40A00095AA}.Release|Any CPU.ActiveCfg = Release|Any CPU
		{DB1E9139-A8F5-467E-A7CB-9F40A00095AA}.Release|Any CPU.Build.0 = Release|Any CPU
		{DB1E9139-A8F5-467E-A7CB-9F40A00095AA}.Release|x64.ActiveCfg = Release|Any CPU
		{DB1E9139-A8F5-467E-A7CB-9F40A00095AA}.Release|x64.Build.0 = Release|Any CPU
		{DB1E9139-A8F5-467E-A7CB-9F40A00095AA}.Release|x86.ActiveCfg = Release|Any CPU
		{DB1E9139-A8F5-467E-A7CB-9F40A00095AA}.Release|x86.Build.0 = Release|Any CPU
		{4757714C-8F3C-409C-91E9-5F8BB0CFCB15}.Debug|Any CPU.ActiveCfg = Debug|Any CPU
		{4757714C-8F3C-409C-91E9-5F8BB0CFCB15}.Debug|Any CPU.Build.0 = Debug|Any CPU
		{4757714C-8F3C-409C-91E9-5F8BB0CFCB15}.Debug|x64.ActiveCfg = Debug|Any CPU
		{4757714C-8F3C-409C-91E9-5F8BB0CFCB15}.Debug|x64.Build.0 = Debug|Any CPU
		{4757714C-8F3C-409C-91E9-5F8BB0CFCB15}.Debug|x86.ActiveCfg = Debug|Any CPU
		{4757714C-8F3C-409C-91E9-5F8BB0CFCB15}.Debug|x86.Build.0 = Debug|Any CPU
		{4757714C-8F3C-409C-91E9-5F8BB0CFCB15}.Release|Any CPU.ActiveCfg = Release|Any CPU
		{4757714C-8F3C-409C-91E9-5F8BB0CFCB15}.Release|Any CPU.Build.0 = Release|Any CPU
		{4757714C-8F3C-409C-91E9-5F8BB0CFCB15}.Release|x64.ActiveCfg = Release|Any CPU
		{4757714C-8F3C-409C-91E9-5F8BB0CFCB15}.Release|x64.Build.0 = Release|Any CPU
		{4757714C-8F3C-409C-91E9-5F8BB0CFCB15}.Release|x86.ActiveCfg = Release|Any CPU
		{4757714C-8F3C-409C-91E9-5F8BB0CFCB15}.Release|x86.Build.0 = Release|Any CPU
		{C2A296D4-B539-164F-E59C-8C9E0D418E81}.Debug|Any CPU.ActiveCfg = Debug|Any CPU
		{C2A296D4-B539-164F-E59C-8C9E0D418E81}.Debug|Any CPU.Build.0 = Debug|Any CPU
		{C2A296D4-B539-164F-E59C-8C9E0D418E81}.Debug|x64.ActiveCfg = Debug|Any CPU
		{C2A296D4-B539-164F-E59C-8C9E0D418E81}.Debug|x64.Build.0 = Debug|Any CPU
		{C2A296D4-B539-164F-E59C-8C9E0D418E81}.Debug|x86.ActiveCfg = Debug|Any CPU
		{C2A296D4-B539-164F-E59C-8C9E0D418E81}.Debug|x86.Build.0 = Debug|Any CPU
		{C2A296D4-B539-164F-E59C-8C9E0D418E81}.Release|Any CPU.ActiveCfg = Release|Any CPU
		{C2A296D4-B539-164F-E59C-8C9E0D418E81}.Release|Any CPU.Build.0 = Release|Any CPU
		{C2A296D4-B539-164F-E59C-8C9E0D418E81}.Release|x64.ActiveCfg = Release|Any CPU
		{C2A296D4-B539-164F-E59C-8C9E0D418E81}.Release|x64.Build.0 = Release|Any CPU
		{C2A296D4-B539-164F-E59C-8C9E0D418E81}.Release|x86.ActiveCfg = Release|Any CPU
		{C2A296D4-B539-164F-E59C-8C9E0D418E81}.Release|x86.Build.0 = Release|Any CPU
		{1D172B5A-9BD0-4C38-AA95-5F9ABD87162A}.Debug|Any CPU.ActiveCfg = Debug|Any CPU
		{1D172B5A-9BD0-4C38-AA95-5F9ABD87162A}.Debug|Any CPU.Build.0 = Debug|Any CPU
		{1D172B5A-9BD0-4C38-AA95-5F9ABD87162A}.Debug|x64.ActiveCfg = Debug|Any CPU
		{1D172B5A-9BD0-4C38-AA95-5F9ABD87162A}.Debug|x64.Build.0 = Debug|Any CPU
		{1D172B5A-9BD0-4C38-AA95-5F9ABD87162A}.Debug|x86.ActiveCfg = Debug|Any CPU
		{1D172B5A-9BD0-4C38-AA95-5F9ABD87162A}.Debug|x86.Build.0 = Debug|Any CPU
		{1D172B5A-9BD0-4C38-AA95-5F9ABD87162A}.Release|Any CPU.ActiveCfg = Release|Any CPU
		{1D172B5A-9BD0-4C38-AA95-5F9ABD87162A}.Release|Any CPU.Build.0 = Release|Any CPU
		{1D172B5A-9BD0-4C38-AA95-5F9ABD87162A}.Release|x64.ActiveCfg = Release|Any CPU
		{1D172B5A-9BD0-4C38-AA95-5F9ABD87162A}.Release|x64.Build.0 = Release|Any CPU
		{1D172B5A-9BD0-4C38-AA95-5F9ABD87162A}.Release|x86.ActiveCfg = Release|Any CPU
		{1D172B5A-9BD0-4C38-AA95-5F9ABD87162A}.Release|x86.Build.0 = Release|Any CPU
		{10C8A856-753D-4C70-B8F1-FA415BF0E0B8}.Debug|Any CPU.ActiveCfg = Debug|Any CPU
		{10C8A856-753D-4C70-B8F1-FA415BF0E0B8}.Debug|Any CPU.Build.0 = Debug|Any CPU
		{10C8A856-753D-4C70-B8F1-FA415BF0E0B8}.Debug|x64.ActiveCfg = Debug|Any CPU
		{10C8A856-753D-4C70-B8F1-FA415BF0E0B8}.Debug|x64.Build.0 = Debug|Any CPU
		{10C8A856-753D-4C70-B8F1-FA415BF0E0B8}.Debug|x86.ActiveCfg = Debug|Any CPU
		{10C8A856-753D-4C70-B8F1-FA415BF0E0B8}.Debug|x86.Build.0 = Debug|Any CPU
		{10C8A856-753D-4C70-B8F1-FA415BF0E0B8}.Release|Any CPU.ActiveCfg = Release|Any CPU
		{10C8A856-753D-4C70-B8F1-FA415BF0E0B8}.Release|Any CPU.Build.0 = Release|Any CPU
		{10C8A856-753D-4C70-B8F1-FA415BF0E0B8}.Release|x64.ActiveCfg = Release|Any CPU
		{10C8A856-753D-4C70-B8F1-FA415BF0E0B8}.Release|x64.Build.0 = Release|Any CPU
		{10C8A856-753D-4C70-B8F1-FA415BF0E0B8}.Release|x86.ActiveCfg = Release|Any CPU
		{10C8A856-753D-4C70-B8F1-FA415BF0E0B8}.Release|x86.Build.0 = Release|Any CPU
		{EB466477-E13A-4921-BBAA-BAFDF1A84D38}.Debug|Any CPU.ActiveCfg = Debug|Any CPU
		{EB466477-E13A-4921-BBAA-BAFDF1A84D38}.Debug|Any CPU.Build.0 = Debug|Any CPU
		{EB466477-E13A-4921-BBAA-BAFDF1A84D38}.Debug|x64.ActiveCfg = Debug|Any CPU
		{EB466477-E13A-4921-BBAA-BAFDF1A84D38}.Debug|x64.Build.0 = Debug|Any CPU
		{EB466477-E13A-4921-BBAA-BAFDF1A84D38}.Debug|x86.ActiveCfg = Debug|Any CPU
		{EB466477-E13A-4921-BBAA-BAFDF1A84D38}.Debug|x86.Build.0 = Debug|Any CPU
		{EB466477-E13A-4921-BBAA-BAFDF1A84D38}.Release|Any CPU.ActiveCfg = Release|Any CPU
		{EB466477-E13A-4921-BBAA-BAFDF1A84D38}.Release|Any CPU.Build.0 = Release|Any CPU
		{EB466477-E13A-4921-BBAA-BAFDF1A84D38}.Release|x64.ActiveCfg = Release|Any CPU
		{EB466477-E13A-4921-BBAA-BAFDF1A84D38}.Release|x64.Build.0 = Release|Any CPU
		{EB466477-E13A-4921-BBAA-BAFDF1A84D38}.Release|x86.ActiveCfg = Release|Any CPU
		{EB466477-E13A-4921-BBAA-BAFDF1A84D38}.Release|x86.Build.0 = Release|Any CPU
		{D4273501-4003-49CE-B9E1-406BF4F58FED}.Debug|Any CPU.ActiveCfg = Debug|Any CPU
		{D4273501-4003-49CE-B9E1-406BF4F58FED}.Debug|Any CPU.Build.0 = Debug|Any CPU
		{D4273501-4003-49CE-B9E1-406BF4F58FED}.Debug|x64.ActiveCfg = Debug|Any CPU
		{D4273501-4003-49CE-B9E1-406BF4F58FED}.Debug|x64.Build.0 = Debug|Any CPU
		{D4273501-4003-49CE-B9E1-406BF4F58FED}.Debug|x86.ActiveCfg = Debug|Any CPU
		{D4273501-4003-49CE-B9E1-406BF4F58FED}.Debug|x86.Build.0 = Debug|Any CPU
		{D4273501-4003-49CE-B9E1-406BF4F58FED}.Release|Any CPU.ActiveCfg = Release|Any CPU
		{D4273501-4003-49CE-B9E1-406BF4F58FED}.Release|Any CPU.Build.0 = Release|Any CPU
		{D4273501-4003-49CE-B9E1-406BF4F58FED}.Release|x64.ActiveCfg = Release|Any CPU
		{D4273501-4003-49CE-B9E1-406BF4F58FED}.Release|x64.Build.0 = Release|Any CPU
		{D4273501-4003-49CE-B9E1-406BF4F58FED}.Release|x86.ActiveCfg = Release|Any CPU
		{D4273501-4003-49CE-B9E1-406BF4F58FED}.Release|x86.Build.0 = Release|Any CPU
		{ABE7CE20-0804-4B1F-88AC-1919DD5316F4}.Debug|Any CPU.ActiveCfg = Debug|Any CPU
		{ABE7CE20-0804-4B1F-88AC-1919DD5316F4}.Debug|Any CPU.Build.0 = Debug|Any CPU
		{ABE7CE20-0804-4B1F-88AC-1919DD5316F4}.Debug|x64.ActiveCfg = Debug|Any CPU
		{ABE7CE20-0804-4B1F-88AC-1919DD5316F4}.Debug|x64.Build.0 = Debug|Any CPU
		{ABE7CE20-0804-4B1F-88AC-1919DD5316F4}.Debug|x86.ActiveCfg = Debug|Any CPU
		{ABE7CE20-0804-4B1F-88AC-1919DD5316F4}.Debug|x86.Build.0 = Debug|Any CPU
		{ABE7CE20-0804-4B1F-88AC-1919DD5316F4}.Release|Any CPU.ActiveCfg = Release|Any CPU
		{ABE7CE20-0804-4B1F-88AC-1919DD5316F4}.Release|Any CPU.Build.0 = Release|Any CPU
		{ABE7CE20-0804-4B1F-88AC-1919DD5316F4}.Release|x64.ActiveCfg = Release|Any CPU
		{ABE7CE20-0804-4B1F-88AC-1919DD5316F4}.Release|x64.Build.0 = Release|Any CPU
		{ABE7CE20-0804-4B1F-88AC-1919DD5316F4}.Release|x86.ActiveCfg = Release|Any CPU
		{ABE7CE20-0804-4B1F-88AC-1919DD5316F4}.Release|x86.Build.0 = Release|Any CPU
		{7F534889-6D72-4636-A9D3-C9BE2F31E22E}.Debug|Any CPU.ActiveCfg = Debug|Any CPU
		{7F534889-6D72-4636-A9D3-C9BE2F31E22E}.Debug|Any CPU.Build.0 = Debug|Any CPU
		{7F534889-6D72-4636-A9D3-C9BE2F31E22E}.Debug|x64.ActiveCfg = Debug|Any CPU
		{7F534889-6D72-4636-A9D3-C9BE2F31E22E}.Debug|x64.Build.0 = Debug|Any CPU
		{7F534889-6D72-4636-A9D3-C9BE2F31E22E}.Debug|x86.ActiveCfg = Debug|Any CPU
		{7F534889-6D72-4636-A9D3-C9BE2F31E22E}.Debug|x86.Build.0 = Debug|Any CPU
		{7F534889-6D72-4636-A9D3-C9BE2F31E22E}.Release|Any CPU.ActiveCfg = Release|Any CPU
		{7F534889-6D72-4636-A9D3-C9BE2F31E22E}.Release|Any CPU.Build.0 = Release|Any CPU
		{7F534889-6D72-4636-A9D3-C9BE2F31E22E}.Release|x64.ActiveCfg = Release|Any CPU
		{7F534889-6D72-4636-A9D3-C9BE2F31E22E}.Release|x64.Build.0 = Release|Any CPU
		{7F534889-6D72-4636-A9D3-C9BE2F31E22E}.Release|x86.ActiveCfg = Release|Any CPU
		{7F534889-6D72-4636-A9D3-C9BE2F31E22E}.Release|x86.Build.0 = Release|Any CPU
		{67CA13AA-FE17-4DAC-844D-18CC61611968}.Debug|Any CPU.ActiveCfg = Debug|Any CPU
		{67CA13AA-FE17-4DAC-844D-18CC61611968}.Debug|Any CPU.Build.0 = Debug|Any CPU
		{67CA13AA-FE17-4DAC-844D-18CC61611968}.Debug|x64.ActiveCfg = Debug|Any CPU
		{67CA13AA-FE17-4DAC-844D-18CC61611968}.Debug|x64.Build.0 = Debug|Any CPU
		{67CA13AA-FE17-4DAC-844D-18CC61611968}.Debug|x86.ActiveCfg = Debug|Any CPU
		{67CA13AA-FE17-4DAC-844D-18CC61611968}.Debug|x86.Build.0 = Debug|Any CPU
		{67CA13AA-FE17-4DAC-844D-18CC61611968}.Release|Any CPU.ActiveCfg = Release|Any CPU
		{67CA13AA-FE17-4DAC-844D-18CC61611968}.Release|Any CPU.Build.0 = Release|Any CPU
		{67CA13AA-FE17-4DAC-844D-18CC61611968}.Release|x64.ActiveCfg = Release|Any CPU
		{67CA13AA-FE17-4DAC-844D-18CC61611968}.Release|x64.Build.0 = Release|Any CPU
		{67CA13AA-FE17-4DAC-844D-18CC61611968}.Release|x86.ActiveCfg = Release|Any CPU
		{67CA13AA-FE17-4DAC-844D-18CC61611968}.Release|x86.Build.0 = Release|Any CPU
		{84CFEC64-FE18-4B46-A537-372F6FEA9AA1}.Debug|Any CPU.ActiveCfg = Debug|Any CPU
		{84CFEC64-FE18-4B46-A537-372F6FEA9AA1}.Debug|Any CPU.Build.0 = Debug|Any CPU
		{84CFEC64-FE18-4B46-A537-372F6FEA9AA1}.Debug|x64.ActiveCfg = Debug|Any CPU
		{84CFEC64-FE18-4B46-A537-372F6FEA9AA1}.Debug|x64.Build.0 = Debug|Any CPU
		{84CFEC64-FE18-4B46-A537-372F6FEA9AA1}.Debug|x86.ActiveCfg = Debug|Any CPU
		{84CFEC64-FE18-4B46-A537-372F6FEA9AA1}.Debug|x86.Build.0 = Debug|Any CPU
		{84CFEC64-FE18-4B46-A537-372F6FEA9AA1}.Release|Any CPU.ActiveCfg = Release|Any CPU
		{84CFEC64-FE18-4B46-A537-372F6FEA9AA1}.Release|Any CPU.Build.0 = Release|Any CPU
		{84CFEC64-FE18-4B46-A537-372F6FEA9AA1}.Release|x64.ActiveCfg = Release|Any CPU
		{84CFEC64-FE18-4B46-A537-372F6FEA9AA1}.Release|x64.Build.0 = Release|Any CPU
		{84CFEC64-FE18-4B46-A537-372F6FEA9AA1}.Release|x86.ActiveCfg = Release|Any CPU
		{84CFEC64-FE18-4B46-A537-372F6FEA9AA1}.Release|x86.Build.0 = Release|Any CPU
		{2937A923-81B5-43C9-818C-04A801B4745E}.Debug|Any CPU.ActiveCfg = Debug|Any CPU
		{2937A923-81B5-43C9-818C-04A801B4745E}.Debug|Any CPU.Build.0 = Debug|Any CPU
		{2937A923-81B5-43C9-818C-04A801B4745E}.Debug|x64.ActiveCfg = Debug|Any CPU
		{2937A923-81B5-43C9-818C-04A801B4745E}.Debug|x64.Build.0 = Debug|Any CPU
		{2937A923-81B5-43C9-818C-04A801B4745E}.Debug|x86.ActiveCfg = Debug|Any CPU
		{2937A923-81B5-43C9-818C-04A801B4745E}.Debug|x86.Build.0 = Debug|Any CPU
		{2937A923-81B5-43C9-818C-04A801B4745E}.Release|Any CPU.ActiveCfg = Release|Any CPU
		{2937A923-81B5-43C9-818C-04A801B4745E}.Release|Any CPU.Build.0 = Release|Any CPU
		{2937A923-81B5-43C9-818C-04A801B4745E}.Release|x64.ActiveCfg = Release|Any CPU
		{2937A923-81B5-43C9-818C-04A801B4745E}.Release|x64.Build.0 = Release|Any CPU
		{2937A923-81B5-43C9-818C-04A801B4745E}.Release|x86.ActiveCfg = Release|Any CPU
		{2937A923-81B5-43C9-818C-04A801B4745E}.Release|x86.Build.0 = Release|Any CPU
		{05E4DBCE-D7C2-4CF6-B76E-5BB3ECBD6016}.Debug|Any CPU.ActiveCfg = Debug|Any CPU
		{05E4DBCE-D7C2-4CF6-B76E-5BB3ECBD6016}.Debug|Any CPU.Build.0 = Debug|Any CPU
		{05E4DBCE-D7C2-4CF6-B76E-5BB3ECBD6016}.Debug|x64.ActiveCfg = Debug|Any CPU
		{05E4DBCE-D7C2-4CF6-B76E-5BB3ECBD6016}.Debug|x64.Build.0 = Debug|Any CPU
		{05E4DBCE-D7C2-4CF6-B76E-5BB3ECBD6016}.Debug|x86.ActiveCfg = Debug|Any CPU
		{05E4DBCE-D7C2-4CF6-B76E-5BB3ECBD6016}.Debug|x86.Build.0 = Debug|Any CPU
		{05E4DBCE-D7C2-4CF6-B76E-5BB3ECBD6016}.Release|Any CPU.ActiveCfg = Release|Any CPU
		{05E4DBCE-D7C2-4CF6-B76E-5BB3ECBD6016}.Release|Any CPU.Build.0 = Release|Any CPU
		{05E4DBCE-D7C2-4CF6-B76E-5BB3ECBD6016}.Release|x64.ActiveCfg = Release|Any CPU
		{05E4DBCE-D7C2-4CF6-B76E-5BB3ECBD6016}.Release|x64.Build.0 = Release|Any CPU
		{05E4DBCE-D7C2-4CF6-B76E-5BB3ECBD6016}.Release|x86.ActiveCfg = Release|Any CPU
		{05E4DBCE-D7C2-4CF6-B76E-5BB3ECBD6016}.Release|x86.Build.0 = Release|Any CPU
		{A8BCD152-5068-43F2-989F-1A1BE86E156A}.Debug|Any CPU.ActiveCfg = Debug|Any CPU
		{A8BCD152-5068-43F2-989F-1A1BE86E156A}.Debug|Any CPU.Build.0 = Debug|Any CPU
		{A8BCD152-5068-43F2-989F-1A1BE86E156A}.Debug|x64.ActiveCfg = Debug|Any CPU
		{A8BCD152-5068-43F2-989F-1A1BE86E156A}.Debug|x64.Build.0 = Debug|Any CPU
		{A8BCD152-5068-43F2-989F-1A1BE86E156A}.Debug|x86.ActiveCfg = Debug|Any CPU
		{A8BCD152-5068-43F2-989F-1A1BE86E156A}.Debug|x86.Build.0 = Debug|Any CPU
		{A8BCD152-5068-43F2-989F-1A1BE86E156A}.Release|Any CPU.ActiveCfg = Release|Any CPU
		{A8BCD152-5068-43F2-989F-1A1BE86E156A}.Release|Any CPU.Build.0 = Release|Any CPU
		{A8BCD152-5068-43F2-989F-1A1BE86E156A}.Release|x64.ActiveCfg = Release|Any CPU
		{A8BCD152-5068-43F2-989F-1A1BE86E156A}.Release|x64.Build.0 = Release|Any CPU
		{A8BCD152-5068-43F2-989F-1A1BE86E156A}.Release|x86.ActiveCfg = Release|Any CPU
		{A8BCD152-5068-43F2-989F-1A1BE86E156A}.Release|x86.Build.0 = Release|Any CPU
	EndGlobalSection
	GlobalSection(SolutionProperties) = preSolution
		HideSolutionNode = FALSE
	EndGlobalSection
	GlobalSection(NestedProjects) = preSolution
		{2695E1E0-CB42-49E8-8F0B-04B788108AFD} = {EE219CAF-E1BC-4DF9-B829-7362BC96969A}
		{848DD2A4-AAD6-4AF8-8941-C60F2BA61BD0} = {EE219CAF-E1BC-4DF9-B829-7362BC96969A}
		{492D1181-2E34-476F-8B9B-C453E5837A66} = {B052091D-88A6-41C9-A159-BADDB4567440}
		{929F7CC7-EC1C-4D67-BED6-5022248E86EE} = {B052091D-88A6-41C9-A159-BADDB4567440}
		{905CA893-3A1F-40E6-88C7-7BD04ED9E051} = {6BA1DEF6-1ED3-480F-95C9-41063402F8F2}
		{15F56BED-CE9A-4537-89DA-281255456A40} = {6BA1DEF6-1ED3-480F-95C9-41063402F8F2}
		{E3C2F381-9111-42B6-A23E-D23F1589D02E} = {6BA1DEF6-1ED3-480F-95C9-41063402F8F2}
		{3516B0BC-C291-4ADC-AEF3-48A1FAE52710} = {C5298399-F23F-4DA1-B5BE-E6408F6C5424}
		{DB1E9139-A8F5-467E-A7CB-9F40A00095AA} = {53560E08-8D4C-4471-930A-E8B586852783}
		{4757714C-8F3C-409C-91E9-5F8BB0CFCB15} = {6BA1DEF6-1ED3-480F-95C9-41063402F8F2}
		{1D172B5A-9BD0-4C38-AA95-5F9ABD87162A} = {B052091D-88A6-41C9-A159-BADDB4567440}
		{B052091D-88A6-41C9-A159-BADDB4567440} = {DD11B11A-7784-4373-921F-38292609D286}
		{53560E08-8D4C-4471-930A-E8B586852783} = {DD11B11A-7784-4373-921F-38292609D286}
		{10C8A856-753D-4C70-B8F1-FA415BF0E0B8} = {6BA1DEF6-1ED3-480F-95C9-41063402F8F2}
		{EB466477-E13A-4921-BBAA-BAFDF1A84D38} = {C5298399-F23F-4DA1-B5BE-E6408F6C5424}
		{D4273501-4003-49CE-B9E1-406BF4F58FED} = {53560E08-8D4C-4471-930A-E8B586852783}
		{2E44FF82-17B0-1EE9-AF3C-87ED1E64BBDB} = {DD11B11A-7784-4373-921F-38292609D286}
		{ABE7CE20-0804-4B1F-88AC-1919DD5316F4} = {2E44FF82-17B0-1EE9-AF3C-87ED1E64BBDB}
		{946B3F2E-0E09-02F4-39EE-364AA70D8ACF} = {DD11B11A-7784-4373-921F-38292609D286}
		{7F534889-6D72-4636-A9D3-C9BE2F31E22E} = {946B3F2E-0E09-02F4-39EE-364AA70D8ACF}
		{67CA13AA-FE17-4DAC-844D-18CC61611968} = {946B3F2E-0E09-02F4-39EE-364AA70D8ACF}
		{84CFEC64-FE18-4B46-A537-372F6FEA9AA1} = {A9DC5331-0BF5-48C9-A366-2AE341F74CDD}
		{2937A923-81B5-43C9-818C-04A801B4745E} = {A9DC5331-0BF5-48C9-A366-2AE341F74CDD}
		{A9DC5331-0BF5-48C9-A366-2AE341F74CDD} = {DD11B11A-7784-4373-921F-38292609D286}
		{05E4DBCE-D7C2-4CF6-B76E-5BB3ECBD6016} = {946B3F2E-0E09-02F4-39EE-364AA70D8ACF}
	EndGlobalSection
	GlobalSection(ExtensibilityGlobals) = postSolution
		SolutionGuid = {7EDCCE41-7F9E-458B-93E1-B20E2066FB78}
	EndGlobalSection
EndGlobal
